
Microsoft Visual Studio Solution File, Format Version 12.00
# Visual Studio Version 17
VisualStudioVersion = 17.9.34701.34
MinimumVisualStudioVersion = 10.0.40219.1
Project("{FAE04EC0-301F-11D3-BF4B-00C04F79EFBC}") = "diak2", "DiakkezeloBResz\diak2.csproj", "{818E620A-9C40-453C-ACD1-7019E3BF79E4}"
EndProject
Global
	GlobalSection(SolutionConfigurationPlatforms) = preSolution
		Debug|Any CPU = Debug|Any CPU
		Release|Any CPU = Release|Any CPU
	EndGlobalSection
	GlobalSection(ProjectConfigurationPlatforms) = postSolution
		{818E620A-9C40-453C-ACD1-7019E3BF79E4}.Debug|Any CPU.ActiveCfg = Debug|Any CPU
		{818E620A-9C40-453C-ACD1-7019E3BF79E4}.Debug|Any CPU.Build.0 = Debug|Any CPU
		{818E620A-9C40-453C-ACD1-7019E3BF79E4}.Release|Any CPU.ActiveCfg = Release|Any CPU
		{818E620A-9C40-453C-ACD1-7019E3BF79E4}.Release|Any CPU.Build.0 = Release|Any CPU
	EndGlobalSection
	GlobalSection(SolutionProperties) = preSolution
		HideSolutionNode = FALSE
	EndGlobalSection
	GlobalSection(ExtensibilityGlobals) = postSolution
		SolutionGuid = {05D781D2-2F42-4809-9166-5AE4F2BA0882}
	EndGlobalSection
EndGlobal
